// !$*UTF8*$!
{
	archiveVersion = 1;
	classes = {
	};
	objectVersion = 46;
	objects = {

/* Begin PBXAggregateTarget section */
		4083B5D51994AA7F00223239 /* Framework */ = {
			isa = PBXAggregateTarget;
			buildConfigurationList = 4083B5D61994AA7F00223239 /* Build configuration list for PBXAggregateTarget "Framework" */;
			buildPhases = (
				4083B5DB1994AAA800223239 /* Build Framework Skeleton */,
				4083B5DC1994AAC900223239 /* Build libraries, merge */,
			);
			dependencies = (
				4083B5DA1994AAA000223239 /* PBXTargetDependency */,
			);
			name = Framework;
			productName = Framework;
		};
/* End PBXAggregateTarget section */

/* Begin PBXBuildFile section */
		4083B56419949C9F00223239 /* Foundation.framework in Frameworks */ = {isa = PBXBuildFile; fileRef = 4083B56319949C9F00223239 /* Foundation.framework */; };
		4083B58A19949EC600223239 /* KZRobot.h in Headers */ = {isa = PBXBuildFile; fileRef = 4083B56819949C9F00223239 /* KZRobot.h */; settings = {ATTRIBUTES = (Public, ); }; };
		4083B5981994A3B900223239 /* CommandEvent.h in Headers */ = {isa = PBXBuildFile; fileRef = 4083B58E1994A3B900223239 /* CommandEvent.h */; };
		4083B5991994A3B900223239 /* CommandEvent.m in Sources */ = {isa = PBXBuildFile; fileRef = 4083B58F1994A3B900223239 /* CommandEvent.m */; };
		4083B59A1994A3B900223239 /* ErrorEvent.h in Headers */ = {isa = PBXBuildFile; fileRef = 4083B5901994A3B900223239 /* ErrorEvent.h */; };
		4083B59B1994A3B900223239 /* ErrorEvent.m in Sources */ = {isa = PBXBuildFile; fileRef = 4083B5911994A3B900223239 /* ErrorEvent.m */; };
		4083B59C1994A3B900223239 /* FinishedEvent.h in Headers */ = {isa = PBXBuildFile; fileRef = 4083B5921994A3B900223239 /* FinishedEvent.h */; };
		4083B59D1994A3B900223239 /* FinishedEvent.m in Sources */ = {isa = PBXBuildFile; fileRef = 4083B5931994A3B900223239 /* FinishedEvent.m */; };
		4083B59E1994A3B900223239 /* PreparedEvent.h in Headers */ = {isa = PBXBuildFile; fileRef = 4083B5941994A3B900223239 /* PreparedEvent.h */; };
		4083B59F1994A3B900223239 /* PreparedEvent.m in Sources */ = {isa = PBXBuildFile; fileRef = 4083B5951994A3B900223239 /* PreparedEvent.m */; };
		4083B5A01994A3B900223239 /* StartedEvent.h in Headers */ = {isa = PBXBuildFile; fileRef = 4083B5961994A3B900223239 /* StartedEvent.h */; };
		4083B5A11994A3B900223239 /* StartedEvent.m in Sources */ = {isa = PBXBuildFile; fileRef = 4083B5971994A3B900223239 /* StartedEvent.m */; };
		4083B5AA1994A3D700223239 /* AbortCommand.h in Headers */ = {isa = PBXBuildFile; fileRef = 4083B5A21994A3D700223239 /* AbortCommand.h */; };
		4083B5AB1994A3D700223239 /* AbortCommand.m in Sources */ = {isa = PBXBuildFile; fileRef = 4083B5A31994A3D700223239 /* AbortCommand.m */; };
		4083B5AC1994A3D700223239 /* Command.h in Headers */ = {isa = PBXBuildFile; fileRef = 4083B5A41994A3D700223239 /* Command.h */; };
		4083B5AD1994A3D700223239 /* Command.m in Sources */ = {isa = PBXBuildFile; fileRef = 4083B5A51994A3D700223239 /* Command.m */; };
		4083B5AE1994A3D700223239 /* PrepareCommand.h in Headers */ = {isa = PBXBuildFile; fileRef = 4083B5A61994A3D700223239 /* PrepareCommand.h */; };
		4083B5AF1994A3D700223239 /* PrepareCommand.m in Sources */ = {isa = PBXBuildFile; fileRef = 4083B5A71994A3D700223239 /* PrepareCommand.m */; };
		4083B5B01994A3D700223239 /* StartCommand.h in Headers */ = {isa = PBXBuildFile; fileRef = 4083B5A81994A3D700223239 /* StartCommand.h */; };
		4083B5B11994A3D700223239 /* StartCommand.m in Sources */ = {isa = PBXBuildFile; fileRef = 4083B5A91994A3D700223239 /* StartCommand.m */; };
		4083B5BC1994A3ED00223239 /* RobotControl.h in Headers */ = {isa = PBXBuildFile; fileRef = 4083B5B21994A3ED00223239 /* RobotControl.h */; };
		4083B5BD1994A3ED00223239 /* RobotControl.m in Sources */ = {isa = PBXBuildFile; fileRef = 4083B5B31994A3ED00223239 /* RobotControl.m */; };
		4083B5BE1994A3ED00223239 /* RobotControlFactory.h in Headers */ = {isa = PBXBuildFile; fileRef = 4083B5B41994A3ED00223239 /* RobotControlFactory.h */; };
		4083B5BF1994A3ED00223239 /* RobotControlFactory.m in Sources */ = {isa = PBXBuildFile; fileRef = 4083B5B51994A3ED00223239 /* RobotControlFactory.m */; };
		4083B5C01994A3ED00223239 /* RoboticLatch.h in Headers */ = {isa = PBXBuildFile; fileRef = 4083B5B61994A3ED00223239 /* RoboticLatch.h */; settings = {ATTRIBUTES = (Public, ); }; };
		4083B5C11994A3ED00223239 /* RoboticLatch.m in Sources */ = {isa = PBXBuildFile; fileRef = 4083B5B71994A3ED00223239 /* RoboticLatch.m */; };
		4083B5C21994A3ED00223239 /* ScriptRunner.h in Headers */ = {isa = PBXBuildFile; fileRef = 4083B5B81994A3ED00223239 /* ScriptRunner.h */; settings = {ATTRIBUTES = (Public, ); }; };
		4083B5C31994A3ED00223239 /* ScriptRunner.m in Sources */ = {isa = PBXBuildFile; fileRef = 4083B5B91994A3ED00223239 /* ScriptRunner.m */; };
		4083B5C41994A3ED00223239 /* TcpRobotControl.h in Headers */ = {isa = PBXBuildFile; fileRef = 4083B5BA1994A3ED00223239 /* TcpRobotControl.h */; };
		4083B5C51994A3ED00223239 /* TcpRobotControl.m in Sources */ = {isa = PBXBuildFile; fileRef = 4083B5BB1994A3ED00223239 /* TcpRobotControl.m */; };
		4083B5C71994A5D800223239 /* CFNetwork.framework in Frameworks */ = {isa = PBXBuildFile; fileRef = 4083B5C61994A5D800223239 /* CFNetwork.framework */; };
/* End PBXBuildFile section */

/* Begin PBXContainerItemProxy section */
		4083B5D91994AAA000223239 /* PBXContainerItemProxy */ = {
			isa = PBXContainerItemProxy;
			containerPortal = 4083B55819949C9F00223239 /* Project object */;
			proxyType = 1;
			remoteGlobalIDString = 4083B55F19949C9F00223239;
			remoteInfo = KZRobot;
		};
/* End PBXContainerItemProxy section */

/* Begin PBXFileReference section */
		4083B56019949C9F00223239 /* libKZRobot.a */ = {isa = PBXFileReference; explicitFileType = archive.ar; includeInIndex = 0; path = libKZRobot.a; sourceTree = BUILT_PRODUCTS_DIR; };
		4083B56319949C9F00223239 /* Foundation.framework */ = {isa = PBXFileReference; lastKnownFileType = wrapper.framework; name = Foundation.framework; path = System/Library/Frameworks/Foundation.framework; sourceTree = SDKROOT; };
		4083B56719949C9F00223239 /* KZRobot-Prefix.pch */ = {isa = PBXFileReference; lastKnownFileType = sourcecode.c.h; path = "KZRobot-Prefix.pch"; sourceTree = "<group>"; };
		4083B56819949C9F00223239 /* KZRobot.h */ = {isa = PBXFileReference; lastKnownFileType = sourcecode.c.h; path = KZRobot.h; sourceTree = "<group>"; };
		4083B58E1994A3B900223239 /* CommandEvent.h */ = {isa = PBXFileReference; fileEncoding = 4; lastKnownFileType = sourcecode.c.h; name = CommandEvent.h; path = Robot/Event/CommandEvent.h; sourceTree = "<group>"; };
		4083B58F1994A3B900223239 /* CommandEvent.m */ = {isa = PBXFileReference; fileEncoding = 4; lastKnownFileType = sourcecode.c.objc; name = CommandEvent.m; path = Robot/Event/CommandEvent.m; sourceTree = "<group>"; };
		4083B5901994A3B900223239 /* ErrorEvent.h */ = {isa = PBXFileReference; fileEncoding = 4; lastKnownFileType = sourcecode.c.h; name = ErrorEvent.h; path = Robot/Event/ErrorEvent.h; sourceTree = "<group>"; };
		4083B5911994A3B900223239 /* ErrorEvent.m */ = {isa = PBXFileReference; fileEncoding = 4; lastKnownFileType = sourcecode.c.objc; name = ErrorEvent.m; path = Robot/Event/ErrorEvent.m; sourceTree = "<group>"; };
		4083B5921994A3B900223239 /* FinishedEvent.h */ = {isa = PBXFileReference; fileEncoding = 4; lastKnownFileType = sourcecode.c.h; name = FinishedEvent.h; path = Robot/Event/FinishedEvent.h; sourceTree = "<group>"; };
		4083B5931994A3B900223239 /* FinishedEvent.m */ = {isa = PBXFileReference; fileEncoding = 4; lastKnownFileType = sourcecode.c.objc; name = FinishedEvent.m; path = Robot/Event/FinishedEvent.m; sourceTree = "<group>"; };
		4083B5941994A3B900223239 /* PreparedEvent.h */ = {isa = PBXFileReference; fileEncoding = 4; lastKnownFileType = sourcecode.c.h; name = PreparedEvent.h; path = Robot/Event/PreparedEvent.h; sourceTree = "<group>"; };
		4083B5951994A3B900223239 /* PreparedEvent.m */ = {isa = PBXFileReference; fileEncoding = 4; lastKnownFileType = sourcecode.c.objc; name = PreparedEvent.m; path = Robot/Event/PreparedEvent.m; sourceTree = "<group>"; };
		4083B5961994A3B900223239 /* StartedEvent.h */ = {isa = PBXFileReference; fileEncoding = 4; lastKnownFileType = sourcecode.c.h; name = StartedEvent.h; path = Robot/Event/StartedEvent.h; sourceTree = "<group>"; };
		4083B5971994A3B900223239 /* StartedEvent.m */ = {isa = PBXFileReference; fileEncoding = 4; lastKnownFileType = sourcecode.c.objc; name = StartedEvent.m; path = Robot/Event/StartedEvent.m; sourceTree = "<group>"; };
		4083B5A21994A3D700223239 /* AbortCommand.h */ = {isa = PBXFileReference; fileEncoding = 4; lastKnownFileType = sourcecode.c.h; name = AbortCommand.h; path = Robot/Command/AbortCommand.h; sourceTree = "<group>"; };
		4083B5A31994A3D700223239 /* AbortCommand.m */ = {isa = PBXFileReference; fileEncoding = 4; lastKnownFileType = sourcecode.c.objc; name = AbortCommand.m; path = Robot/Command/AbortCommand.m; sourceTree = "<group>"; };
		4083B5A41994A3D700223239 /* Command.h */ = {isa = PBXFileReference; fileEncoding = 4; lastKnownFileType = sourcecode.c.h; name = Command.h; path = Robot/Command/Command.h; sourceTree = "<group>"; };
		4083B5A51994A3D700223239 /* Command.m */ = {isa = PBXFileReference; fileEncoding = 4; lastKnownFileType = sourcecode.c.objc; name = Command.m; path = Robot/Command/Command.m; sourceTree = "<group>"; };
		4083B5A61994A3D700223239 /* PrepareCommand.h */ = {isa = PBXFileReference; fileEncoding = 4; lastKnownFileType = sourcecode.c.h; name = PrepareCommand.h; path = Robot/Command/PrepareCommand.h; sourceTree = "<group>"; };
		4083B5A71994A3D700223239 /* PrepareCommand.m */ = {isa = PBXFileReference; fileEncoding = 4; lastKnownFileType = sourcecode.c.objc; name = PrepareCommand.m; path = Robot/Command/PrepareCommand.m; sourceTree = "<group>"; };
		4083B5A81994A3D700223239 /* StartCommand.h */ = {isa = PBXFileReference; fileEncoding = 4; lastKnownFileType = sourcecode.c.h; name = StartCommand.h; path = Robot/Command/StartCommand.h; sourceTree = "<group>"; };
		4083B5A91994A3D700223239 /* StartCommand.m */ = {isa = PBXFileReference; fileEncoding = 4; lastKnownFileType = sourcecode.c.objc; name = StartCommand.m; path = Robot/Command/StartCommand.m; sourceTree = "<group>"; };
		4083B5B21994A3ED00223239 /* RobotControl.h */ = {isa = PBXFileReference; fileEncoding = 4; lastKnownFileType = sourcecode.c.h; name = RobotControl.h; path = Robot/RobotControl.h; sourceTree = "<group>"; };
		4083B5B31994A3ED00223239 /* RobotControl.m */ = {isa = PBXFileReference; fileEncoding = 4; lastKnownFileType = sourcecode.c.objc; name = RobotControl.m; path = Robot/RobotControl.m; sourceTree = "<group>"; };
		4083B5B41994A3ED00223239 /* RobotControlFactory.h */ = {isa = PBXFileReference; fileEncoding = 4; lastKnownFileType = sourcecode.c.h; name = RobotControlFactory.h; path = Robot/RobotControlFactory.h; sourceTree = "<group>"; };
		4083B5B51994A3ED00223239 /* RobotControlFactory.m */ = {isa = PBXFileReference; fileEncoding = 4; lastKnownFileType = sourcecode.c.objc; name = RobotControlFactory.m; path = Robot/RobotControlFactory.m; sourceTree = "<group>"; };
		4083B5B61994A3ED00223239 /* RoboticLatch.h */ = {isa = PBXFileReference; fileEncoding = 4; lastKnownFileType = sourcecode.c.h; name = RoboticLatch.h; path = Robot/RoboticLatch.h; sourceTree = "<group>"; };
		4083B5B71994A3ED00223239 /* RoboticLatch.m */ = {isa = PBXFileReference; fileEncoding = 4; lastKnownFileType = sourcecode.c.objc; name = RoboticLatch.m; path = Robot/RoboticLatch.m; sourceTree = "<group>"; };
		4083B5B81994A3ED00223239 /* ScriptRunner.h */ = {isa = PBXFileReference; fileEncoding = 4; lastKnownFileType = sourcecode.c.h; name = ScriptRunner.h; path = Robot/ScriptRunner.h; sourceTree = "<group>"; };
		4083B5B91994A3ED00223239 /* ScriptRunner.m */ = {isa = PBXFileReference; fileEncoding = 4; lastKnownFileType = sourcecode.c.objc; name = ScriptRunner.m; path = Robot/ScriptRunner.m; sourceTree = "<group>"; };
		4083B5BA1994A3ED00223239 /* TcpRobotControl.h */ = {isa = PBXFileReference; fileEncoding = 4; lastKnownFileType = sourcecode.c.h; name = TcpRobotControl.h; path = Robot/TcpRobotControl.h; sourceTree = "<group>"; };
		4083B5BB1994A3ED00223239 /* TcpRobotControl.m */ = {isa = PBXFileReference; fileEncoding = 4; lastKnownFileType = sourcecode.c.objc; name = TcpRobotControl.m; path = Robot/TcpRobotControl.m; sourceTree = "<group>"; };
		4083B5C61994A5D800223239 /* CFNetwork.framework */ = {isa = PBXFileReference; lastKnownFileType = wrapper.framework; name = CFNetwork.framework; path = System/Library/Frameworks/CFNetwork.framework; sourceTree = SDKROOT; };
/* End PBXFileReference section */

/* Begin PBXFrameworksBuildPhase section */
		4083B55D19949C9F00223239 /* Frameworks */ = {
			isa = PBXFrameworksBuildPhase;
			buildActionMask = 2147483647;
			files = (
				4083B5C71994A5D800223239 /* CFNetwork.framework in Frameworks */,
				4083B56419949C9F00223239 /* Foundation.framework in Frameworks */,
			);
			runOnlyForDeploymentPostprocessing = 0;
		};
/* End PBXFrameworksBuildPhase section */

/* Begin PBXGroup section */
		4083B55719949C9F00223239 = {
			isa = PBXGroup;
			children = (
				4083B56519949C9F00223239 /* KZRobot */,
				4083B56219949C9F00223239 /* Frameworks */,
				4083B56119949C9F00223239 /* Products */,
			);
			sourceTree = "<group>";
		};
		4083B56119949C9F00223239 /* Products */ = {
			isa = PBXGroup;
			children = (
				4083B56019949C9F00223239 /* libKZRobot.a */,
			);
			name = Products;
			sourceTree = "<group>";
		};
		4083B56219949C9F00223239 /* Frameworks */ = {
			isa = PBXGroup;
			children = (
				4083B5C61994A5D800223239 /* CFNetwork.framework */,
				4083B56319949C9F00223239 /* Foundation.framework */,
			);
			name = Frameworks;
			sourceTree = "<group>";
		};
		4083B56519949C9F00223239 /* KZRobot */ = {
			isa = PBXGroup;
			children = (
				4083B58B1994A33200223239 /* Robot */,
				4083B56819949C9F00223239 /* KZRobot.h */,
				4083B56619949C9F00223239 /* Supporting Files */,
			);
			path = KZRobot;
			sourceTree = "<group>";
		};
		4083B56619949C9F00223239 /* Supporting Files */ = {
			isa = PBXGroup;
			children = (
				4083B56719949C9F00223239 /* KZRobot-Prefix.pch */,
			);
			name = "Supporting Files";
			sourceTree = "<group>";
		};
		4083B58B1994A33200223239 /* Robot */ = {
			isa = PBXGroup;
			children = (
				4083B5B21994A3ED00223239 /* RobotControl.h */,
				4083B5B31994A3ED00223239 /* RobotControl.m */,
				4083B5B41994A3ED00223239 /* RobotControlFactory.h */,
				4083B5B51994A3ED00223239 /* RobotControlFactory.m */,
				4083B5B61994A3ED00223239 /* RoboticLatch.h */,
				4083B5B71994A3ED00223239 /* RoboticLatch.m */,
				4083B5B81994A3ED00223239 /* ScriptRunner.h */,
				4083B5B91994A3ED00223239 /* ScriptRunner.m */,
				4083B5BA1994A3ED00223239 /* TcpRobotControl.h */,
				4083B5BB1994A3ED00223239 /* TcpRobotControl.m */,
				4083B58D1994A37D00223239 /* Event */,
				4083B58C1994A37500223239 /* Command */,
			);
			name = Robot;
			sourceTree = "<group>";
		};
		4083B58C1994A37500223239 /* Command */ = {
			isa = PBXGroup;
			children = (
				4083B5A21994A3D700223239 /* AbortCommand.h */,
				4083B5A31994A3D700223239 /* AbortCommand.m */,
				4083B5A41994A3D700223239 /* Command.h */,
				4083B5A51994A3D700223239 /* Command.m */,
				4083B5A61994A3D700223239 /* PrepareCommand.h */,
				4083B5A71994A3D700223239 /* PrepareCommand.m */,
				4083B5A81994A3D700223239 /* StartCommand.h */,
				4083B5A91994A3D700223239 /* StartCommand.m */,
			);
			name = Command;
			sourceTree = "<group>";
		};
		4083B58D1994A37D00223239 /* Event */ = {
			isa = PBXGroup;
			children = (
				4083B58E1994A3B900223239 /* CommandEvent.h */,
				4083B58F1994A3B900223239 /* CommandEvent.m */,
				4083B5901994A3B900223239 /* ErrorEvent.h */,
				4083B5911994A3B900223239 /* ErrorEvent.m */,
				4083B5921994A3B900223239 /* FinishedEvent.h */,
				4083B5931994A3B900223239 /* FinishedEvent.m */,
				4083B5941994A3B900223239 /* PreparedEvent.h */,
				4083B5951994A3B900223239 /* PreparedEvent.m */,
				4083B5961994A3B900223239 /* StartedEvent.h */,
				4083B5971994A3B900223239 /* StartedEvent.m */,
			);
			name = Event;
			sourceTree = "<group>";
		};
/* End PBXGroup section */

/* Begin PBXHeadersBuildPhase section */
		4083B58919949E9800223239 /* Headers */ = {
			isa = PBXHeadersBuildPhase;
			buildActionMask = 2147483647;
			files = (
				4083B5BC1994A3ED00223239 /* RobotControl.h in Headers */,
				4083B5C21994A3ED00223239 /* ScriptRunner.h in Headers */,
				4083B5C01994A3ED00223239 /* RoboticLatch.h in Headers */,
				4083B59A1994A3B900223239 /* ErrorEvent.h in Headers */,
				4083B59C1994A3B900223239 /* FinishedEvent.h in Headers */,
				4083B58A19949EC600223239 /* KZRobot.h in Headers */,
				4083B5A01994A3B900223239 /* StartedEvent.h in Headers */,
				4083B5981994A3B900223239 /* CommandEvent.h in Headers */,
				4083B5B01994A3D700223239 /* StartCommand.h in Headers */,
				4083B59E1994A3B900223239 /* PreparedEvent.h in Headers */,
				4083B5AC1994A3D700223239 /* Command.h in Headers */,
				4083B5C41994A3ED00223239 /* TcpRobotControl.h in Headers */,
				4083B5AE1994A3D700223239 /* PrepareCommand.h in Headers */,
				4083B5BE1994A3ED00223239 /* RobotControlFactory.h in Headers */,
				4083B5AA1994A3D700223239 /* AbortCommand.h in Headers */,
			);
			runOnlyForDeploymentPostprocessing = 0;
		};
/* End PBXHeadersBuildPhase section */

/* Begin PBXNativeTarget section */
		4083B55F19949C9F00223239 /* KZRobot */ = {
			isa = PBXNativeTarget;
			buildConfigurationList = 4083B58319949C9F00223239 /* Build configuration list for PBXNativeTarget "KZRobot" */;
			buildPhases = (
				4083B55C19949C9F00223239 /* Sources */,
				4083B55D19949C9F00223239 /* Frameworks */,
				4083B58919949E9800223239 /* Headers */,
				4083B5C81994A7C300223239 /* Run Script */,
			);
			buildRules = (
			);
			dependencies = (
			);
			name = KZRobot;
			productName = KZRobot;
			productReference = 4083B56019949C9F00223239 /* libKZRobot.a */;
			productType = "com.apple.product-type.library.static";
		};
/* End PBXNativeTarget section */

/* Begin PBXProject section */
		4083B55819949C9F00223239 /* Project object */ = {
			isa = PBXProject;
			attributes = {
				LastUpgradeCheck = 0510;
				ORGANIZATIONNAME = Kaazing;
			};
			buildConfigurationList = 4083B55B19949C9F00223239 /* Build configuration list for PBXProject "KZRobot" */;
			compatibilityVersion = "Xcode 3.2";
			developmentRegion = English;
			hasScannedForEncodings = 0;
			knownRegions = (
				en,
			);
			mainGroup = 4083B55719949C9F00223239;
			productRefGroup = 4083B56119949C9F00223239 /* Products */;
			projectDirPath = "";
			projectRoot = "";
			targets = (
				4083B55F19949C9F00223239 /* KZRobot */,
				4083B5D51994AA7F00223239 /* Framework */,
			);
		};
/* End PBXProject section */

/* Begin PBXShellScriptBuildPhase section */
		4083B5C81994A7C300223239 /* Run Script */ = {
			isa = PBXShellScriptBuildPhase;
			buildActionMask = 2147483647;
			files = (
			);
			inputPaths = (
			);
			name = "Run Script";
			outputPaths = (
			);
			runOnlyForDeploymentPostprocessing = 0;
			shellPath = /bin/sh;
			shellScript = "set -e\n\nif [ ! -d \"${BUILT_PRODUCTS_DIR}/${PRODUCT_NAME}Headers\" ]\nthen\n\n# The -a ensures that the headers maintain the source modification date so that we don't constantly\n# cause propagating rebuilds of files that import these headers.\n/bin/cp -a \"${TARGET_BUILD_DIR}/${PUBLIC_HEADERS_FOLDER_PATH}/\" \"${BUILT_PRODUCTS_DIR}/${PRODUCT_NAME}Headers\"\n\nelse\n\necho \"${BUILT_PRODUCTS_DIR}/${PRODUCT_NAME}Headers\" already populated, skipping...\n\nfi";
		};
		4083B5DB1994AAA800223239 /* Build Framework Skeleton */ = {
			isa = PBXShellScriptBuildPhase;
			buildActionMask = 2147483647;
			files = (
			);
			inputPaths = (
			);
			name = "Build Framework Skeleton";
			outputPaths = (
			);
			runOnlyForDeploymentPostprocessing = 0;
			shellPath = /bin/sh;
			shellScript = "set -e\n\n# ----------- ADDED 25-Oct-12 RDC\nFRAMEWORK_CONTAINER=\"${BUILT_PRODUCTS_DIR}/../Framework\"\nFRAMEWORK_TARGET=\"${FRAMEWORK_CONTAINER}/${PROJECT_NAME}.framework\"\nrm -rf \"${FRAMEWORK_CONTAINER}\"\nmkdir -p \"${FRAMEWORK_TARGET}/Versions/A/Headers\"\n\ncd ${FRAMEWORK_TARGET}\n# Link the \"Current\" version to \"A\"\n/bin/ln -sfh A Versions/Current\n/bin/ln -sfh Versions/Current/Headers Headers\n/bin/ln -sfh \"Versions/Current/${PROJECT_NAME}\" \"${PROJECT_NAME}\"";
		};
		4083B5DC1994AAC900223239 /* Build libraries, merge */ = {
			isa = PBXShellScriptBuildPhase;
			buildActionMask = 2147483647;
			files = (
			);
			inputPaths = (
			);
			name = "Build libraries, merge";
			outputPaths = (
			);
			runOnlyForDeploymentPostprocessing = 0;
			shellPath = /bin/sh;
			shellScript = "set -e\nset +u\n# Avoid recursively calling this script.\nif [[ $SF_MASTER_SCRIPT_RUNNING ]]\nthen\nexit 0\nfi\nset -u\nexport SF_MASTER_SCRIPT_RUNNING=1\n\nSF_TARGET_NAME=${PROJECT_NAME}\nSF_EXECUTABLE_PATH=\"lib${SF_TARGET_NAME}.a\"\nSF_WRAPPER_NAME=\"${SF_TARGET_NAME}.framework\"\n\n# The following conditionals come from\n# https://github.com/kstenerud/iOS-Universal-Framework\n\nif [[ \"$SDK_NAME\" =~ ([A-Za-z]+) ]]\nthen\nSF_SDK_PLATFORM=${BASH_REMATCH[1]}\nelse\necho \"Could not find platform name from SDK_NAME: $SDK_NAME\"\nexit 1\nfi\n\nif [[ \"$SDK_NAME\" =~ ([0-9]+.*$) ]]\nthen\nSF_SDK_VERSION=${BASH_REMATCH[1]}\nelse\necho \"Could not find sdk version from SDK_NAME: $SDK_NAME\"\nexit 1\nfi\n\nif [[ \"$SF_SDK_PLATFORM\" = \"iphoneos\" ]]\nthen\nSF_OTHER_PLATFORM=iphonesimulator\nelse\nSF_OTHER_PLATFORM=iphoneos\nfi\n\nif [[ \"$BUILT_PRODUCTS_DIR\" =~ (.*)$SF_SDK_PLATFORM$ ]]\nthen\nSF_OTHER_BUILT_PRODUCTS_DIR=\"${BASH_REMATCH[1]}${SF_OTHER_PLATFORM}\"\nelse\necho \"Could not find platform name from build products directory: $BUILT_PRODUCTS_DIR\"\nexit 1\nfi\n\n# Build the other platform.\nxcodebuild -project \"${PROJECT_FILE_PATH}\" -target \"${TARGET_NAME}\" -configuration \"${CONFIGURATION}\" -sdk ${SF_OTHER_PLATFORM}${SF_SDK_VERSION} BUILD_DIR=\"${BUILD_DIR}\" OBJROOT=\"${OBJROOT}\" BUILD_ROOT=\"${BUILD_ROOT}\" SYMROOT=\"${SYMROOT}\" $ACTION\n\nFRAMEWORK_CONTAINER=\"${BUILT_PRODUCTS_DIR}/../Framework/${PROJECT_NAME}.framework\"\n\n# Clone the headers into the target\n# The -a ensures that the headers maintain the source modification date so that we don't constantly\n# cause propagating rebuilds of files that import these headers.\n/bin/cp -a \"${BUILT_PRODUCTS_DIR}/${PROJECT_NAME}Headers/\" \"${FRAMEWORK_CONTAINER}/Versions/A/Headers\"\n\n# Smash the two static libraries into one fat binary and store it in the .framework\nlipo -create \"${BUILT_PRODUCTS_DIR}/${SF_EXECUTABLE_PATH}\" \"${SF_OTHER_BUILT_PRODUCTS_DIR}/${SF_EXECUTABLE_PATH}\" -output \"${FRAMEWORK_CONTAINER}/Versions/A/${SF_TARGET_NAME}\"\n";
		};
/* End PBXShellScriptBuildPhase section */

/* Begin PBXSourcesBuildPhase section */
		4083B55C19949C9F00223239 /* Sources */ = {
			isa = PBXSourcesBuildPhase;
			buildActionMask = 2147483647;
			files = (
				4083B5991994A3B900223239 /* CommandEvent.m in Sources */,
				4083B5AF1994A3D700223239 /* PrepareCommand.m in Sources */,
				4083B5B11994A3D700223239 /* StartCommand.m in Sources */,
				4083B59B1994A3B900223239 /* ErrorEvent.m in Sources */,
				4083B5AB1994A3D700223239 /* AbortCommand.m in Sources */,
				4083B5AD1994A3D700223239 /* Command.m in Sources */,
				4083B59D1994A3B900223239 /* FinishedEvent.m in Sources */,
				4083B5C31994A3ED00223239 /* ScriptRunner.m in Sources */,
				4083B5C11994A3ED00223239 /* RoboticLatch.m in Sources */,
				4083B5A11994A3B900223239 /* StartedEvent.m in Sources */,
				4083B5BD1994A3ED00223239 /* RobotControl.m in Sources */,
				4083B59F1994A3B900223239 /* PreparedEvent.m in Sources */,
				4083B5C51994A3ED00223239 /* TcpRobotControl.m in Sources */,
				4083B5BF1994A3ED00223239 /* RobotControlFactory.m in Sources */,
			);
			runOnlyForDeploymentPostprocessing = 0;
		};
/* End PBXSourcesBuildPhase section */

/* Begin PBXTargetDependency section */
		4083B5DA1994AAA000223239 /* PBXTargetDependency */ = {
			isa = PBXTargetDependency;
			target = 4083B55F19949C9F00223239 /* KZRobot */;
			targetProxy = 4083B5D91994AAA000223239 /* PBXContainerItemProxy */;
		};
/* End PBXTargetDependency section */

/* Begin XCBuildConfiguration section */
		4083B58119949C9F00223239 /* Debug */ = {
			isa = XCBuildConfiguration;
			buildSettings = {
				ALWAYS_SEARCH_USER_PATHS = NO;
				CLANG_CXX_LANGUAGE_STANDARD = "gnu++0x";
				CLANG_CXX_LIBRARY = "libc++";
				CLANG_ENABLE_MODULES = YES;
				CLANG_ENABLE_OBJC_ARC = YES;
				CLANG_WARN_BOOL_CONVERSION = YES;
				CLANG_WARN_CONSTANT_CONVERSION = YES;
				CLANG_WARN_DIRECT_OBJC_ISA_USAGE = YES_ERROR;
				CLANG_WARN_EMPTY_BODY = YES;
				CLANG_WARN_ENUM_CONVERSION = YES;
				CLANG_WARN_INT_CONVERSION = YES;
				CLANG_WARN_OBJC_ROOT_CLASS = YES_ERROR;
				CLANG_WARN__DUPLICATE_METHOD_MATCH = YES;
				COPY_PHASE_STRIP = NO;
				GCC_C_LANGUAGE_STANDARD = gnu99;
				GCC_DYNAMIC_NO_PIC = NO;
				GCC_OPTIMIZATION_LEVEL = 0;
				GCC_PREPROCESSOR_DEFINITIONS = (
					"DEBUG=1",
					"$(inherited)",
				);
				GCC_SYMBOLS_PRIVATE_EXTERN = NO;
				GCC_WARN_64_TO_32_BIT_CONVERSION = YES;
				GCC_WARN_ABOUT_RETURN_TYPE = YES_ERROR;
				GCC_WARN_UNDECLARED_SELECTOR = YES;
				GCC_WARN_UNINITIALIZED_AUTOS = YES_AGGRESSIVE;
				GCC_WARN_UNUSED_FUNCTION = YES;
				GCC_WARN_UNUSED_VARIABLE = YES;
				IPHONEOS_DEPLOYMENT_TARGET = 7.1;
				ONLY_ACTIVE_ARCH = YES;
				SDKROOT = iphoneos;
			};
			name = Debug;
		};
		4083B58219949C9F00223239 /* Release */ = {
			isa = XCBuildConfiguration;
			buildSettings = {
				ALWAYS_SEARCH_USER_PATHS = NO;
				CLANG_CXX_LANGUAGE_STANDARD = "gnu++0x";
				CLANG_CXX_LIBRARY = "libc++";
				CLANG_ENABLE_MODULES = YES;
				CLANG_ENABLE_OBJC_ARC = YES;
				CLANG_WARN_BOOL_CONVERSION = YES;
				CLANG_WARN_CONSTANT_CONVERSION = YES;
				CLANG_WARN_DIRECT_OBJC_ISA_USAGE = YES_ERROR;
				CLANG_WARN_EMPTY_BODY = YES;
				CLANG_WARN_ENUM_CONVERSION = YES;
				CLANG_WARN_INT_CONVERSION = YES;
				CLANG_WARN_OBJC_ROOT_CLASS = YES_ERROR;
				CLANG_WARN__DUPLICATE_METHOD_MATCH = YES;
				COPY_PHASE_STRIP = YES;
				ENABLE_NS_ASSERTIONS = NO;
				GCC_C_LANGUAGE_STANDARD = gnu99;
				GCC_WARN_64_TO_32_BIT_CONVERSION = YES;
				GCC_WARN_ABOUT_RETURN_TYPE = YES_ERROR;
				GCC_WARN_UNDECLARED_SELECTOR = YES;
				GCC_WARN_UNINITIALIZED_AUTOS = YES_AGGRESSIVE;
				GCC_WARN_UNUSED_FUNCTION = YES;
				GCC_WARN_UNUSED_VARIABLE = YES;
				IPHONEOS_DEPLOYMENT_TARGET = 7.1;
				SDKROOT = iphoneos;
				VALIDATE_PRODUCT = YES;
			};
			name = Release;
		};
		4083B58419949C9F00223239 /* Debug */ = {
			isa = XCBuildConfiguration;
			buildSettings = {
				DEAD_CODE_STRIPPING = NO;
				DSTROOT = /tmp/KZRobot.dst;
				FRAMEWORK_SEARCH_PATHS = (
					"$(inherited)",
					"$(DEVELOPER_FRAMEWORKS_DIR)",
					"$(PLATFORM_DIR)/Developer/Library/Frameworks",
				);
				GCC_PRECOMPILE_PREFIX_HEADER = YES;
				GCC_PREFIX_HEADER = "KZRobot/KZRobot-Prefix.pch";
				OTHER_LDFLAGS = "-ObjC";
				PRODUCT_NAME = "$(TARGET_NAME)";
				PUBLIC_HEADERS_FOLDER_PATH = "$(PROJECT_NAME)Headers";
				SKIP_INSTALL = YES;
				STRIP_STYLE = "non-global";
			};
			name = Debug;
		};
		4083B58519949C9F00223239 /* Release */ = {
			isa = XCBuildConfiguration;
			buildSettings = {
				COPY_PHASE_STRIP = NO;
				DEAD_CODE_STRIPPING = NO;
				DSTROOT = /tmp/KZRobot.dst;
				FRAMEWORK_SEARCH_PATHS = (
					"$(inherited)",
					"$(DEVELOPER_FRAMEWORKS_DIR)",
					"$(PLATFORM_DIR)/Developer/Library/Frameworks",
				);
				GCC_PRECOMPILE_PREFIX_HEADER = YES;
				GCC_PREFIX_HEADER = "KZRobot/KZRobot-Prefix.pch";
				OTHER_LDFLAGS = "-ObjC";
				PRODUCT_NAME = "$(TARGET_NAME)";
				PUBLIC_HEADERS_FOLDER_PATH = "$(PROJECT_NAME)Headers";
				SKIP_INSTALL = YES;
				STRIP_STYLE = "non-global";
			};
			name = Release;
		};
		4083B5D71994AA7F00223239 /* Debug */ = {
			isa = XCBuildConfiguration;
			buildSettings = {
				PRODUCT_NAME = "$(TARGET_NAME)";
			};
			name = Debug;
		};
		4083B5D81994AA7F00223239 /* Release */ = {
			isa = XCBuildConfiguration;
			buildSettings = {
				PRODUCT_NAME = "$(TARGET_NAME)";
			};
			name = Release;
		};
/* End XCBuildConfiguration section */

/* Begin XCConfigurationList section */
		4083B55B19949C9F00223239 /* Build configuration list for PBXProject "KZRobot" */ = {
			isa = XCConfigurationList;
			buildConfigurations = (
				4083B58119949C9F00223239 /* Debug */,
				4083B58219949C9F00223239 /* Release */,
			);
			defaultConfigurationIsVisible = 0;
			defaultConfigurationName = Release;
		};
		4083B58319949C9F00223239 /* Build configuration list for PBXNativeTarget "KZRobot" */ = {
			isa = XCConfigurationList;
			buildConfigurations = (
				4083B58419949C9F00223239 /* Debug */,
				4083B58519949C9F00223239 /* Release */,
			);
			defaultConfigurationIsVisible = 0;
			defaultConfigurationName = Release;
		};
		4083B5D61994AA7F00223239 /* Build configuration list for PBXAggregateTarget "Framework" */ = {
			isa = XCConfigurationList;
			buildConfigurations = (
				4083B5D71994AA7F00223239 /* Debug */,
				4083B5D81994AA7F00223239 /* Release */,
			);
			defaultConfigurationIsVisible = 0;
			defaultConfigurationName = Release;
		};
/* End XCConfigurationList section */
	};
	rootObject = 4083B55819949C9F00223239 /* Project object */;
}
